
Microsoft Visual Studio Solution File, Format Version 12.00
# Visual Studio Version 17
VisualStudioVersion = 17.9.34902.65
MinimumVisualStudioVersion = 10.0.40219.1
Project("{8BC9CEB8-8B4A-11D0-8D11-00A0C91BC942}") = "DriverHide", "DriverHide\DriverHide.vcxproj", "{AB34D86E-6FBA-421D-B83D-A0212D026F87}"
EndProject
Project("{8BC9CEB8-8B4A-11D0-8D11-00A0C91BC942}") = "PELoaderTest", "PELoaderTest\PELoaderTest.vcxproj", "{B697A1C9-7DF7-45F3-A0D9-B86238B0344E}"
EndProject
Project("{8BC9CEB8-8B4A-11D0-8D11-00A0C91BC942}") = "Build", "Build\Build.vcxproj", "{33FB9316-362E-451A-ADF1-9CD37130CAD7}"
EndProject
Project("{8BC9CEB8-8B4A-11D0-8D11-00A0C91BC942}") = "PELoader1", "PELoader1\PELoader1.vcxproj", "{446495C4-25A8-4B47-8CA3-17736BB919B0}"
EndProject
Project("{8BC9CEB8-8B4A-11D0-8D11-00A0C91BC942}") = "SSDT", "SSDT\SSDT.vcxproj", "{081DE448-AC4B-430C-B995-D20D9F57A263}"
EndProject
Global
	GlobalSection(SolutionConfigurationPlatforms) = preSolution
		Debug|ARM64 = Debug|ARM64
		Debug|Win32 = Debug|Win32
		Debug|x64 = Debug|x64
		Debug|x86 = Debug|x86
		Release|ARM64 = Release|ARM64
		Release|Win32 = Release|Win32
		Release|x64 = Release|x64
		Release|x86 = Release|x86
	EndGlobalSection
	GlobalSection(ProjectConfigurationPlatforms) = postSolution
		{AB34D86E-6FBA-421D-B83D-A0212D026F87}.Debug|ARM64.ActiveCfg = Debug|ARM64
		{AB34D86E-6FBA-421D-B83D-A0212D026F87}.Debug|ARM64.Build.0 = Debug|ARM64
		{AB34D86E-6FBA-421D-B83D-A0212D026F87}.Debug|ARM64.Deploy.0 = Debug|ARM64
		{AB34D86E-6FBA-421D-B83D-A0212D026F87}.Debug|Win32.ActiveCfg = Debug|Win32
		{AB34D86E-6FBA-421D-B83D-A0212D026F87}.Debug|Win32.Build.0 = Debug|Win32
		{AB34D86E-6FBA-421D-B83D-A0212D026F87}.Debug|x64.ActiveCfg = Debug|x64
		{AB34D86E-6FBA-421D-B83D-A0212D026F87}.Debug|x64.Build.0 = Debug|x64
		{AB34D86E-6FBA-421D-B83D-A0212D026F87}.Debug|x64.Deploy.0 = Debug|x64
		{AB34D86E-6FBA-421D-B83D-A0212D026F87}.Debug|x86.ActiveCfg = Debug|Win32
		{AB34D86E-6FBA-421D-B83D-A0212D026F87}.Debug|x86.Build.0 = Debug|Win32
		{AB34D86E-6FBA-421D-B83D-A0212D026F87}.Release|ARM64.ActiveCfg = Release|ARM64
		{AB34D86E-6FBA-421D-B83D-A0212D026F87}.Release|ARM64.Build.0 = Release|ARM64
		{AB34D86E-6FBA-421D-B83D-A0212D026F87}.Release|ARM64.Deploy.0 = Release|ARM64
		{AB34D86E-6FBA-421D-B83D-A0212D026F87}.Release|Win32.ActiveCfg = Release|Win32
		{AB34D86E-6FBA-421D-B83D-A0212D026F87}.Release|Win32.Build.0 = Release|Win32
		{AB34D86E-6FBA-421D-B83D-A0212D026F87}.Release|x64.ActiveCfg = Release|x64
		{AB34D86E-6FBA-421D-B83D-A0212D026F87}.Release|x64.Build.0 = Release|x64
		{AB34D86E-6FBA-421D-B83D-A0212D026F87}.Release|x64.Deploy.0 = Release|x64
		{AB34D86E-6FBA-421D-B83D-A0212D026F87}.Release|x86.ActiveCfg = Release|Win32
		{AB34D86E-6FBA-421D-B83D-A0212D026F87}.Release|x86.Build.0 = Release|Win32
		{B697A1C9-7DF7-45F3-A0D9-B86238B0344E}.Debug|ARM64.ActiveCfg = Debug|ARM64
		{B697A1C9-7DF7-45F3-A0D9-B86238B0344E}.Debug|ARM64.Build.0 = Debug|ARM64
		{B697A1C9-7DF7-45F3-A0D9-B86238B0344E}.Debug|ARM64.Deploy.0 = Debug|ARM64
		{B697A1C9-7DF7-45F3-A0D9-B86238B0344E}.Debug|Win32.ActiveCfg = Debug|x64
		{B697A1C9-7DF7-45F3-A0D9-B86238B0344E}.Debug|Win32.Build.0 = Debug|x64
		{B697A1C9-7DF7-45F3-A0D9-B86238B0344E}.Debug|Win32.Deploy.0 = Debug|x64
		{B697A1C9-7DF7-45F3-A0D9-B86238B0344E}.Debug|x64.ActiveCfg = Debug|x64
		{B697A1C9-7DF7-45F3-A0D9-B86238B0344E}.Debug|x64.Build.0 = Debug|x64
		{B697A1C9-7DF7-45F3-A0D9-B86238B0344E}.Debug|x64.Deploy.0 = Debug|x64
		{B697A1C9-7DF7-45F3-A0D9-B86238B0344E}.Debug|x86.ActiveCfg = Debug|x64
		{B697A1C9-7DF7-45F3-A0D9-B86238B0344E}.Debug|x86.Build.0 = Debug|x64
		{B697A1C9-7DF7-45F3-A0D9-B86238B0344E}.Debug|x86.Deploy.0 = Debug|x64
		{B697A1C9-7DF7-45F3-A0D9-B86238B0344E}.Release|ARM64.ActiveCfg = Release|ARM64
		{B697A1C9-7DF7-45F3-A0D9-B86238B0344E}.Release|ARM64.Build.0 = Release|ARM64
		{B697A1C9-7DF7-45F3-A0D9-B86238B0344E}.Release|ARM64.Deploy.0 = Release|ARM64
		{B697A1C9-7DF7-45F3-A0D9-B86238B0344E}.Release|Win32.ActiveCfg = Release|x64
		{B697A1C9-7DF7-45F3-A0D9-B86238B0344E}.Release|Win32.Build.0 = Release|x64
		{B697A1C9-7DF7-45F3-A0D9-B86238B0344E}.Release|Win32.Deploy.0 = Release|x64
		{B697A1C9-7DF7-45F3-A0D9-B86238B0344E}.Release|x64.ActiveCfg = Release|x64
		{B697A1C9-7DF7-45F3-A0D9-B86238B0344E}.Release|x64.Build.0 = Release|x64
		{B697A1C9-7DF7-45F3-A0D9-B86238B0344E}.Release|x64.Deploy.0 = Release|x64
		{B697A1C9-7DF7-45F3-A0D9-B86238B0344E}.Release|x86.ActiveCfg = Release|x64
		{B697A1C9-7DF7-45F3-A0D9-B86238B0344E}.Release|x86.Build.0 = Release|x64
		{B697A1C9-7DF7-45F3-A0D9-B86238B0344E}.Release|x86.Deploy.0 = Release|x64
		{33FB9316-362E-451A-ADF1-9CD37130CAD7}.Debug|ARM64.ActiveCfg = Debug|x64
		{33FB9316-362E-451A-ADF1-9CD37130CAD7}.Debug|ARM64.Build.0 = Debug|x64
		{33FB9316-362E-451A-ADF1-9CD37130CAD7}.Debug|Win32.ActiveCfg = Debug|Win32
		{33FB9316-362E-451A-ADF1-9CD37130CAD7}.Debug|Win32.Build.0 = Debug|Win32
		{33FB9316-362E-451A-ADF1-9CD37130CAD7}.Debug|x64.ActiveCfg = Debug|x64
		{33FB9316-362E-451A-ADF1-9CD37130CAD7}.Debug|x64.Build.0 = Debug|x64
		{33FB9316-362E-451A-ADF1-9CD37130CAD7}.Debug|x86.ActiveCfg = Debug|Win32
		{33FB9316-362E-451A-ADF1-9CD37130CAD7}.Debug|x86.Build.0 = Debug|Win32
		{33FB9316-362E-451A-ADF1-9CD37130CAD7}.Release|ARM64.ActiveCfg = Release|x64
		{33FB9316-362E-451A-ADF1-9CD37130CAD7}.Release|ARM64.Build.0 = Release|x64
		{33FB9316-362E-451A-ADF1-9CD37130CAD7}.Release|Win32.ActiveCfg = Release|Win32
		{33FB9316-362E-451A-ADF1-9CD37130CAD7}.Release|Win32.Build.0 = Release|Win32
		{33FB9316-362E-451A-ADF1-9CD37130CAD7}.Release|x64.ActiveCfg = Release|x64
		{33FB9316-362E-451A-ADF1-9CD37130CAD7}.Release|x64.Build.0 = Release|x64
		{33FB9316-362E-451A-ADF1-9CD37130CAD7}.Release|x86.ActiveCfg = Release|Win32
		{33FB9316-362E-451A-ADF1-9CD37130CAD7}.Release|x86.Build.0 = Release|Win32
		{446495C4-25A8-4B47-8CA3-17736BB919B0}.Debug|ARM64.ActiveCfg = Debug|ARM64
		{446495C4-25A8-4B47-8CA3-17736BB919B0}.Debug|ARM64.Build.0 = Debug|ARM64
		{446495C4-25A8-4B47-8CA3-17736BB919B0}.Debug|ARM64.Deploy.0 = Debug|ARM64
		{446495C4-25A8-4B47-8CA3-17736BB919B0}.Debug|Win32.ActiveCfg = Debug|x64
		{446495C4-25A8-4B47-8CA3-17736BB919B0}.Debug|Win32.Build.0 = Debug|x64
		{446495C4-25A8-4B47-8CA3-17736BB919B0}.Debug|Win32.Deploy.0 = Debug|x64
		{446495C4-25A8-4B47-8CA3-17736BB919B0}.Debug|x64.ActiveCfg = Debug|x64
		{446495C4-25A8-4B47-8CA3-17736BB919B0}.Debug|x64.Build.0 = Debug|x64
		{446495C4-25A8-4B47-8CA3-17736BB919B0}.Debug|x64.Deploy.0 = Debug|x64
		{446495C4-25A8-4B47-8CA3-17736BB919B0}.Debug|x86.ActiveCfg = Debug|x64
		{446495C4-25A8-4B47-8CA3-17736BB919B0}.Debug|x86.Build.0 = Debug|x64
		{446495C4-25A8-4B47-8CA3-17736BB919B0}.Debug|x86.Deploy.0 = Debug|x64
		{446495C4-25A8-4B47-8CA3-17736BB919B0}.Release|ARM64.ActiveCfg = Release|ARM64
		{446495C4-25A8-4B47-8CA3-17736BB919B0}.Release|ARM64.Build.0 = Release|ARM64
		{446495C4-25A8-4B47-8CA3-17736BB919B0}.Release|ARM64.Deploy.0 = Release|ARM64
		{446495C4-25A8-4B47-8CA3-17736BB919B0}.Release|Win32.ActiveCfg = Release|x64
		{446495C4-25A8-4B47-8CA3-17736BB919B0}.Release|Win32.Build.0 = Release|x64
		{446495C4-25A8-4B47-8CA3-17736BB919B0}.Release|Win32.Deploy.0 = Release|x64
		{446495C4-25A8-4B47-8CA3-17736BB919B0}.Release|x64.ActiveCfg = Release|x64
		{446495C4-25A8-4B47-8CA3-17736BB919B0}.Release|x64.Build.0 = Release|x64
		{446495C4-25A8-4B47-8CA3-17736BB919B0}.Release|x64.Deploy.0 = Release|x64
		{446495C4-25A8-4B47-8CA3-17736BB919B0}.Release|x86.ActiveCfg = Release|x64
		{446495C4-25A8-4B47-8CA3-17736BB919B0}.Release|x86.Build.0 = Release|x64
		{446495C4-25A8-4B47-8CA3-17736BB919B0}.Release|x86.Deploy.0 = Release|x64
		{081DE448-AC4B-430C-B995-D20D9F57A263}.Debug|ARM64.ActiveCfg = Debug|ARM64
		{081DE448-AC4B-430C-B995-D20D9F57A263}.Debug|ARM64.Build.0 = Debug|ARM64
		{081DE448-AC4B-430C-B995-D20D9F57A263}.Debug|ARM64.Deploy.0 = Debug|ARM64
		{081DE448-AC4B-430C-B995-D20D9F57A263}.Debug|Win32.ActiveCfg = Debug|x64
		{081DE448-AC4B-430C-B995-D20D9F57A263}.Debug|Win32.Build.0 = Debug|x64
		{081DE448-AC4B-430C-B995-D20D9F57A263}.Debug|Win32.Deploy.0 = Debug|x64
		{081DE448-AC4B-430C-B995-D20D9F57A263}.Debug|x64.ActiveCfg = Debug|x64
		{081DE448-AC4B-430C-B995-D20D9F57A263}.Debug|x64.Build.0 = Debug|x64
		{081DE448-AC4B-430C-B995-D20D9F57A263}.Debug|x64.Deploy.0 = Debug|x64
		{081DE448-AC4B-430C-B995-D20D9F57A263}.Debug|x86.ActiveCfg = Debug|x64
		{081DE448-AC4B-430C-B995-D20D9F57A263}.Debug|x86.Build.0 = Debug|x64
		{081DE448-AC4B-430C-B995-D20D9F57A263}.Debug|x86.Deploy.0 = Debug|x64
		{081DE448-AC4B-430C-B995-D20D9F57A263}.Release|ARM64.ActiveCfg = Release|ARM64
		{081DE448-AC4B-430C-B995-D20D9F57A263}.Release|ARM64.Build.0 = Release|ARM64
		{081DE448-AC4B-430C-B995-D20D9F57A263}.Release|ARM64.Deploy.0 = Release|ARM64
		{081DE448-AC4B-430C-B995-D20D9F57A263}.Release|Win32.ActiveCfg = Release|x64
		{081DE448-AC4B-430C-B995-D20D9F57A263}.Release|Win32.Build.0 = Release|x64
		{081DE448-AC4B-430C-B995-D20D9F57A263}.Release|Win32.Deploy.0 = Release|x64
		{081DE448-AC4B-430C-B995-D20D9F57A263}.Release|x64.ActiveCfg = Release|x64
		{081DE448-AC4B-430C-B995-D20D9F57A263}.Release|x64.Build.0 = Release|x64
		{081DE448-AC4B-430C-B995-D20D9F57A263}.Release|x64.Deploy.0 = Release|x64
		{081DE448-AC4B-430C-B995-D20D9F57A263}.Release|x86.ActiveCfg = Release|x64
		{081DE448-AC4B-430C-B995-D20D9F57A263}.Release|x86.Build.0 = Release|x64
		{081DE448-AC4B-430C-B995-D20D9F57A263}.Release|x86.Deploy.0 = Release|x64
	EndGlobalSection
	GlobalSection(SolutionProperties) = preSolution
		HideSolutionNode = FALSE
	EndGlobalSection
	GlobalSection(ExtensibilityGlobals) = postSolution
		SolutionGuid = {6F508C7E-74CB-46AB-A9EC-3B731C2A8B41}
	EndGlobalSection
EndGlobal
